
Microsoft Visual Studio Solution File, Format Version 12.00
# Visual Studio Version 17
VisualStudioVersion = 17.12.35309.182
MinimumVisualStudioVersion = 10.0.40219.1
Project("{FAE04EC0-301F-11D3-BF4B-00C04F79EFBC}") = "OutputCacheEnMetodos", "OutputCacheEnMetodos\OutputCacheEnMetodos.csproj", "{0D0615E4-F740-4A85-83F2-C3752CFAAD61}"
EndProject
Global
	GlobalSection(SolutionConfigurationPlatforms) = preSolution
		Debug|Any CPU = Debug|Any CPU
		Release|Any CPU = Release|Any CPU
	EndGlobalSection
	GlobalSection(ProjectConfigurationPlatforms) = postSolution
		{0D0615E4-F740-4A85-83F2-C3752CFAAD61}.Debug|Any CPU.ActiveCfg = Debug|Any CPU
		{0D0615E4-F740-4A85-83F2-C3752CFAAD61}.Debug|Any CPU.Build.0 = Debug|Any CPU
		{0D0615E4-F740-4A85-83F2-C3752CFAAD61}.Release|Any CPU.ActiveCfg = Release|Any CPU
		{0D0615E4-F740-4A85-83F2-C3752CFAAD61}.Release|Any CPU.Build.0 = Release|Any CPU
	EndGlobalSection
	GlobalSection(SolutionProperties) = preSolution
		HideSolutionNode = FALSE
	EndGlobalSection
	GlobalSection(ExtensibilityGlobals) = postSolution
		SolutionGuid = {98EB2ADC-DB31-4BAF-A16E-328FC09B286A}
	EndGlobalSection
EndGlobal
